{
  "name": "4boy",
  "lockfileVersion": 3,
  "requires": true,
  "packages": {
    "": {
      "dependencies": {
        "angular-toastr": "^2.1.1"
      }
    },
    "node_modules/angular-toastr": {
      "version": "2.1.1",
      "resolved": "https://registry.npmjs.org/angular-toastr/-/angular-toastr-2.1.1.tgz",
      "integrity": "sha512-iasQCH00eVV0JPWOy8ztTu3p/m4Q+jzoLPxPjVzxO2vZSQkhcMdbFYgV/AYzymXFBZAyj7eunUJJQ0avNX8QSw=="
    }
  }
}
